
Microsoft Visual Studio Solution File, Format Version 12.00
# Visual Studio Version 17
VisualStudioVersion = 17.7.34202.233
MinimumVisualStudioVersion = 10.0.40219.1
Project("{FAE04EC0-301F-11D3-BF4B-00C04F79EFBC}") = "uppgift4_7", "uppgift4_7\uppgift4_7.csproj", "{5738D087-C514-44A7-A81B-AE99211EADBB}"
EndProject
Global
	GlobalSection(SolutionConfigurationPlatforms) = preSolution
		Debug|Any CPU = Debug|Any CPU
		Release|Any CPU = Release|Any CPU
	EndGlobalSection
	GlobalSection(ProjectConfigurationPlatforms) = postSolution
		{5738D087-C514-44A7-A81B-AE99211EADBB}.Debug|Any CPU.ActiveCfg = Debug|Any CPU
		{5738D087-C514-44A7-A81B-AE99211EADBB}.Debug|Any CPU.Build.0 = Debug|Any CPU
		{5738D087-C514-44A7-A81B-AE99211EADBB}.Release|Any CPU.ActiveCfg = Release|Any CPU
		{5738D087-C514-44A7-A81B-AE99211EADBB}.Release|Any CPU.Build.0 = Release|Any CPU
	EndGlobalSection
	GlobalSection(SolutionProperties) = preSolution
		HideSolutionNode = FALSE
	EndGlobalSection
	GlobalSection(ExtensibilityGlobals) = postSolution
		SolutionGuid = {B4E90EB4-A231-4452-B06F-4F4F9DDFF761}
	EndGlobalSection
EndGlobal
